
Microsoft Visual Studio Solution File, Format Version 12.00
# Visual Studio Version 16
VisualStudioVersion = 16.0.31613.86
MinimumVisualStudioVersion = 10.0.40219.1
Project("{FAE04EC0-301F-11D3-BF4B-00C04F79EFBC}") = "WordSearch", "WordSearch\WordSearch.csproj", "{703811F5-AF4C-42A3-A8EA-3A3CE5037B7F}"
EndProject
Project("{FAE04EC0-301F-11D3-BF4B-00C04F79EFBC}") = "WordSearchLib", "WordSearchLib\WordSearchLib.csproj", "{89E5F6C0-A3B8-4E31-B122-63347D06D0C3}"
EndProject
Global
	GlobalSection(SolutionConfigurationPlatforms) = preSolution
		Debug|Any CPU = Debug|Any CPU
		Release|Any CPU = Release|Any CPU
	EndGlobalSection
	GlobalSection(ProjectConfigurationPlatforms) = postSolution
		{703811F5-AF4C-42A3-A8EA-3A3CE5037B7F}.Debug|Any CPU.ActiveCfg = Debug|Any CPU
		{703811F5-AF4C-42A3-A8EA-3A3CE5037B7F}.Debug|Any CPU.Build.0 = Debug|Any CPU
		{703811F5-AF4C-42A3-A8EA-3A3CE5037B7F}.Release|Any CPU.ActiveCfg = Release|Any CPU
		{703811F5-AF4C-42A3-A8EA-3A3CE5037B7F}.Release|Any CPU.Build.0 = Release|Any CPU
		{89E5F6C0-A3B8-4E31-B122-63347D06D0C3}.Debug|Any CPU.ActiveCfg = Debug|Any CPU
		{89E5F6C0-A3B8-4E31-B122-63347D06D0C3}.Debug|Any CPU.Build.0 = Debug|Any CPU
		{89E5F6C0-A3B8-4E31-B122-63347D06D0C3}.Release|Any CPU.ActiveCfg = Release|Any CPU
		{89E5F6C0-A3B8-4E31-B122-63347D06D0C3}.Release|Any CPU.Build.0 = Release|Any CPU
	EndGlobalSection
	GlobalSection(SolutionProperties) = preSolution
		HideSolutionNode = FALSE
	EndGlobalSection
	GlobalSection(ExtensibilityGlobals) = postSolution
		SolutionGuid = {67C65B55-869A-4990-A945-D1389D39D4D1}
	EndGlobalSection
EndGlobal
